
Microsoft Visual Studio Solution File, Format Version 12.00
# Visual Studio Version 17
VisualStudioVersion = 17.4.33205.214
MinimumVisualStudioVersion = 10.0.40219.1
Project("{9A19103F-16F7-4668-BE54-9A1E7A4F7556}") = "LeetCode", "LeetCode\LeetCode.csproj", "{A553E740-F579-418E-8E9E-527764D67CB0}"
EndProject
Project("{FAE04EC0-301F-11D3-BF4B-00C04F79EFBC}") = "LeetCode.Tests", "LeetCode.Tests\LeetCode.Tests.csproj", "{9FE3B729-9F67-40FE-9585-2AC28192A784}"
EndProject
Global
	GlobalSection(SolutionConfigurationPlatforms) = preSolution
		Debug|Any CPU = Debug|Any CPU
		Release|Any CPU = Release|Any CPU
	EndGlobalSection
	GlobalSection(ProjectConfigurationPlatforms) = postSolution
		{A553E740-F579-418E-8E9E-527764D67CB0}.Debug|Any CPU.ActiveCfg = Debug|Any CPU
		{A553E740-F579-418E-8E9E-527764D67CB0}.Debug|Any CPU.Build.0 = Debug|Any CPU
		{A553E740-F579-418E-8E9E-527764D67CB0}.Release|Any CPU.ActiveCfg = Release|Any CPU
		{A553E740-F579-418E-8E9E-527764D67CB0}.Release|Any CPU.Build.0 = Release|Any CPU
		{9FE3B729-9F67-40FE-9585-2AC28192A784}.Debug|Any CPU.ActiveCfg = Debug|Any CPU
		{9FE3B729-9F67-40FE-9585-2AC28192A784}.Debug|Any CPU.Build.0 = Debug|Any CPU
		{9FE3B729-9F67-40FE-9585-2AC28192A784}.Release|Any CPU.ActiveCfg = Release|Any CPU
		{9FE3B729-9F67-40FE-9585-2AC28192A784}.Release|Any CPU.Build.0 = Release|Any CPU
	EndGlobalSection
	GlobalSection(SolutionProperties) = preSolution
		HideSolutionNode = FALSE
	EndGlobalSection
	GlobalSection(ExtensibilityGlobals) = postSolution
		SolutionGuid = {7A4CE9A8-43F9-446C-A967-C2CE478CA56D}
	EndGlobalSection
EndGlobal
